Microsoft Visual Studio Solution File, Format Version 12.00
# Visual Studio 15
Project("{8BC9CEB8-8B4A-11D0-8D11-00A0C91BC942}") = "ALL_BUILD", "ALL_BUILD.vcxproj", "{C39A0FFA-4198-35B2-A1CA-1E84A03E55E1}"
	ProjectSection(ProjectDependencies) = postProject
		{02F5B44B-F593-31ED-9F0E-A407DEE14927} = {02F5B44B-F593-31ED-9F0E-A407DEE14927}
		{0DF9A5B1-995A-3E1B-B91F-BBAF345A9C10} = {0DF9A5B1-995A-3E1B-B91F-BBAF345A9C10}
	EndProjectSection
EndProject
Project("{8BC9CEB8-8B4A-11D0-8D11-00A0C91BC942}") = "AR", "AR.vcxproj", "{02F5B44B-F593-31ED-9F0E-A407DEE14927}"
	ProjectSection(ProjectDependencies) = postProject
		{0DF9A5B1-995A-3E1B-B91F-BBAF345A9C10} = {0DF9A5B1-995A-3E1B-B91F-BBAF345A9C10}
	EndProjectSection
EndProject
Project("{8BC9CEB8-8B4A-11D0-8D11-00A0C91BC942}") = "ZERO_CHECK", "ZERO_CHECK.vcxproj", "{0DF9A5B1-995A-3E1B-B91F-BBAF345A9C10}"
	ProjectSection(ProjectDependencies) = postProject
	EndProjectSection
EndProject
Global
	GlobalSection(SolutionConfigurationPlatforms) = preSolution
		Debug|Win32 = Debug|Win32
		Release|Win32 = Release|Win32
		MinSizeRel|Win32 = MinSizeRel|Win32
		RelWithDebInfo|Win32 = RelWithDebInfo|Win32
	EndGlobalSection
	GlobalSection(ProjectConfigurationPlatforms) = postSolution
		{C39A0FFA-4198-35B2-A1CA-1E84A03E55E1}.Debug|Win32.ActiveCfg = Debug|Win32
		{C39A0FFA-4198-35B2-A1CA-1E84A03E55E1}.Release|Win32.ActiveCfg = Release|Win32
		{C39A0FFA-4198-35B2-A1CA-1E84A03E55E1}.MinSizeRel|Win32.ActiveCfg = MinSizeRel|Win32
		{C39A0FFA-4198-35B2-A1CA-1E84A03E55E1}.RelWithDebInfo|Win32.ActiveCfg = RelWithDebInfo|Win32
		{02F5B44B-F593-31ED-9F0E-A407DEE14927}.Debug|Win32.ActiveCfg = Debug|Win32
		{02F5B44B-F593-31ED-9F0E-A407DEE14927}.Debug|Win32.Build.0 = Debug|Win32
		{02F5B44B-F593-31ED-9F0E-A407DEE14927}.Release|Win32.ActiveCfg = Release|Win32
		{02F5B44B-F593-31ED-9F0E-A407DEE14927}.Release|Win32.Build.0 = Release|Win32
		{02F5B44B-F593-31ED-9F0E-A407DEE14927}.MinSizeRel|Win32.ActiveCfg = MinSizeRel|Win32
		{02F5B44B-F593-31ED-9F0E-A407DEE14927}.MinSizeRel|Win32.Build.0 = MinSizeRel|Win32
		{02F5B44B-F593-31ED-9F0E-A407DEE14927}.RelWithDebInfo|Win32.ActiveCfg = RelWithDebInfo|Win32
		{02F5B44B-F593-31ED-9F0E-A407DEE14927}.RelWithDebInfo|Win32.Build.0 = RelWithDebInfo|Win32
		{0DF9A5B1-995A-3E1B-B91F-BBAF345A9C10}.Debug|Win32.ActiveCfg = Debug|Win32
		{0DF9A5B1-995A-3E1B-B91F-BBAF345A9C10}.Debug|Win32.Build.0 = Debug|Win32
		{0DF9A5B1-995A-3E1B-B91F-BBAF345A9C10}.Release|Win32.ActiveCfg = Release|Win32
		{0DF9A5B1-995A-3E1B-B91F-BBAF345A9C10}.Release|Win32.Build.0 = Release|Win32
		{0DF9A5B1-995A-3E1B-B91F-BBAF345A9C10}.MinSizeRel|Win32.ActiveCfg = MinSizeRel|Win32
		{0DF9A5B1-995A-3E1B-B91F-BBAF345A9C10}.MinSizeRel|Win32.Build.0 = MinSizeRel|Win32
		{0DF9A5B1-995A-3E1B-B91F-BBAF345A9C10}.RelWithDebInfo|Win32.ActiveCfg = RelWithDebInfo|Win32
		{0DF9A5B1-995A-3E1B-B91F-BBAF345A9C10}.RelWithDebInfo|Win32.Build.0 = RelWithDebInfo|Win32
	EndGlobalSection
	GlobalSection(ExtensibilityGlobals) = postSolution
	EndGlobalSection
	GlobalSection(ExtensibilityAddIns) = postSolution
	EndGlobalSection
EndGlobal
